# THIS IS AN AUTOGENERATED FILE. DO NOT EDIT THIS FILE DIRECTLY.
# yarn lockfile v1


"@hapi/address@^2.1.2":
  version "2.1.2"
  resolved "https://registry.yarnpkg.com/@hapi/address/-/address-2.1.2.tgz#1c794cd6dbf2354d1eb1ef10e0303f573e1c7222"
  integrity sha512-O4QDrx+JoGKZc6aN64L04vqa7e41tIiLU+OvKdcYaEMP97UttL0f9GIi9/0A4WAMx0uBd6SidDIhktZhgOcN8Q==

"@hapi/formula@^1.2.0":
  version "1.2.0"
  resolved "https://registry.yarnpkg.com/@hapi/formula/-/formula-1.2.0.tgz#994649c7fea1a90b91a0a1e6d983523f680e10cd"
  integrity sha512-UFbtbGPjstz0eWHb+ga/GM3Z9EzqKXFWIbSOFURU0A/Gku0Bky4bCk9/h//K2Xr3IrCfjFNhMm4jyZ5dbCewGA==

"@hapi/hoek@^8.2.4", "@hapi/hoek@^8.3.0":
  version "8.3.2"
  resolved "https://registry.yarnpkg.com/@hapi/hoek/-/hoek-8.3.2.tgz#91e7188edebc5d876f0b91a860f555ff06f0782b"
  integrity sha512-NP5SG4bzix+EtSMtcudp8TvI0lB46mXNo8uFpTDw6tqxGx4z5yx+giIunEFA0Z7oUO4DuWrOJV9xqR2tJVEdyA==

"@hapi/joi@16":
  version "16.1.7"
  resolved "https://registry.yarnpkg.com/@hapi/joi/-/joi-16.1.7.tgz#360857223a87bb1f5f67691537964c1b4908ed93"
  integrity sha512-anaIgnZhNooG3LJLrTFzgGALTiO97zRA1UkvQHm9KxxoSiIzCozB3RCNCpDnfhTJD72QlrHA8nwGmNgpFFCIeg==
  dependencies:
    "@hapi/address" "^2.1.2"
    "@hapi/formula" "^1.2.0"
    "@hapi/hoek" "^8.2.4"
    "@hapi/pinpoint" "^1.0.2"
    "@hapi/topo" "^3.1.3"

"@hapi/pinpoint@^1.0.2":
  version "1.0.2"
  resolved "https://registry.yarnpkg.com/@hapi/pinpoint/-/pinpoint-1.0.2.tgz#025b7a36dbbf4d35bf1acd071c26b20ef41e0d13"
  integrity sha512-dtXC/WkZBfC5vxscazuiJ6iq4j9oNx1SHknmIr8hofarpKUZKmlUVYVIhNVzIEgK5Wrc4GMHL5lZtt1uS2flmQ==

"@hapi/topo@^3.1.3":
  version "3.1.6"
  resolved "https://registry.yarnpkg.com/@hapi/topo/-/topo-3.1.6.tgz#68d935fa3eae7fdd5ab0d7f953f3205d8b2bfc29"
  integrity sha512-tAag0jEcjwH+P2quUfipd7liWCNX2F8NvYjQp2wtInsZxnMlypdw0FtAOLxtvvkO+GSRRbmNi8m/5y42PQJYCQ==
  dependencies:
    "@hapi/hoek" "^8.3.0"

"@types/hapi__joi@16":
  version "16.0.1"
  resolved "https://registry.yarnpkg.com/@types/hapi__joi/-/hapi__joi-16.0.1.tgz#ec227341ec7ce2091066cccebc3b14f6c527ba6b"
  integrity sha512-U4I9Pfk4qH6TCXlg55qOc3F730QndZi86hGWlZHPHY7b3J+MCDIAO6EejbkaLWk7U15v+jn2J3GRVKD4ruhS2Q==

typescript@^3.2.2:
  version "3.6.4"
  resolved "https://registry.yarnpkg.com/typescript/-/typescript-3.6.4.tgz#b18752bb3792bc1a0281335f7f6ebf1bbfc5b91d"
  integrity sha512-unoCll1+l+YK4i4F8f22TaNVPRHcD9PA3yCuZ8g5e0qGqlVlJ/8FSateOLLSagn+Yg5+ZwuPkL8LFUc0Jcvksg==
